
Microsoft Visual Studio Solution File, Format Version 12.00
# Visual Studio Version 17
VisualStudioVersion = 17.2.32526.322
MinimumVisualStudioVersion = 10.0.40219.1
Project("{FAE04EC0-301F-11D3-BF4B-00C04F79EFBC}") = "AutomaticPowerManager", "Switch Power profile\AutomaticPowerManager.csproj", "{CA468395-738A-464B-B4DD-6AF5FF5C76B0}"
EndProject
Project("{54435603-DBB4-11D2-8724-00A0C9A8B90C}") = "Auto Power Manager", "Auto Power Manager\Auto Power Manager.vdproj", "{415EA9D4-7695-4D08-B4F8-EE725603FE1F}"
EndProject
Global
	GlobalSection(SolutionConfigurationPlatforms) = preSolution
		Debug|Any CPU = Debug|Any CPU
		Debug|x64 = Debug|x64
		Release|Any CPU = Release|Any CPU
		Release|x64 = Release|x64
	EndGlobalSection
	GlobalSection(ProjectConfigurationPlatforms) = postSolution
		{CA468395-738A-464B-B4DD-6AF5FF5C76B0}.Debug|Any CPU.ActiveCfg = Debug|Any CPU
		{CA468395-738A-464B-B4DD-6AF5FF5C76B0}.Debug|Any CPU.Build.0 = Debug|Any CPU
		{CA468395-738A-464B-B4DD-6AF5FF5C76B0}.Debug|x64.ActiveCfg = Debug|x64
		{CA468395-738A-464B-B4DD-6AF5FF5C76B0}.Debug|x64.Build.0 = Debug|x64
		{CA468395-738A-464B-B4DD-6AF5FF5C76B0}.Release|Any CPU.ActiveCfg = Release|Any CPU
		{CA468395-738A-464B-B4DD-6AF5FF5C76B0}.Release|Any CPU.Build.0 = Release|Any CPU
		{CA468395-738A-464B-B4DD-6AF5FF5C76B0}.Release|x64.ActiveCfg = Release|x64
		{CA468395-738A-464B-B4DD-6AF5FF5C76B0}.Release|x64.Build.0 = Release|x64
		{415EA9D4-7695-4D08-B4F8-EE725603FE1F}.Debug|Any CPU.ActiveCfg = Release
		{415EA9D4-7695-4D08-B4F8-EE725603FE1F}.Debug|x64.ActiveCfg = Release
		{415EA9D4-7695-4D08-B4F8-EE725603FE1F}.Release|Any CPU.ActiveCfg = Release
		{415EA9D4-7695-4D08-B4F8-EE725603FE1F}.Release|x64.ActiveCfg = Release
	EndGlobalSection
	GlobalSection(SolutionProperties) = preSolution
		HideSolutionNode = FALSE
	EndGlobalSection
	GlobalSection(ExtensibilityGlobals) = postSolution
		SolutionGuid = {3BCFBADC-5F9B-486B-BAB1-3FF9D455CBDF}
	EndGlobalSection
EndGlobal
